
Microsoft Visual Studio Solution File, Format Version 12.00
# Visual Studio Version 16
VisualStudioVersion = 16.0.29424.173
MinimumVisualStudioVersion = 10.0.40219.1
Project("{FAE04EC0-301F-11D3-BF4B-00C04F79EFBC}") = "UniversityManage", "UniversityManage\UniversityManage.csproj", "{A0BA860D-C8B7-46CD-9DD0-B58DC99328EA}"
EndProject
Global
	GlobalSection(SolutionConfigurationPlatforms) = preSolution
		Debug|Any CPU = Debug|Any CPU
		Release|Any CPU = Release|Any CPU
	EndGlobalSection
	GlobalSection(ProjectConfigurationPlatforms) = postSolution
		{A0BA860D-C8B7-46CD-9DD0-B58DC99328EA}.Debug|Any CPU.ActiveCfg = Debug|Any CPU
		{A0BA860D-C8B7-46CD-9DD0-B58DC99328EA}.Debug|Any CPU.Build.0 = Debug|Any CPU
		{A0BA860D-C8B7-46CD-9DD0-B58DC99328EA}.Release|Any CPU.ActiveCfg = Release|Any CPU
		{A0BA860D-C8B7-46CD-9DD0-B58DC99328EA}.Release|Any CPU.Build.0 = Release|Any CPU
	EndGlobalSection
	GlobalSection(SolutionProperties) = preSolution
		HideSolutionNode = FALSE
	EndGlobalSection
	GlobalSection(ExtensibilityGlobals) = postSolution
		SolutionGuid = {917E6F86-1CAD-4165-B820-54A979B55302}
	EndGlobalSection
EndGlobal
